
Microsoft Visual Studio Solution File, Format Version 12.00
# Visual Studio Version 17
VisualStudioVersion = 17.7.34221.43
MinimumVisualStudioVersion = 10.0.40219.1
Project("{9A19103F-16F7-4668-BE54-9A1E7A4F7556}") = "ServiceMarketplaceAPI", "ServiceMarketplaceAPI\ServiceMarketplaceAPI.csproj", "{CB1502FC-D1DD-415E-BC3B-44B7C894BEB0}"
EndProject
Project("{FAE04EC0-301F-11D3-BF4B-00C04F79EFBC}") = "ServiceMarketplaceDAL", "ServiceMarketplaceDAL\ServiceMarketplaceDAL.csproj", "{BFD9FB7A-1BA7-4AAC-84DA-CE4FE42B6C7A}"
EndProject
Project("{FAE04EC0-301F-11D3-BF4B-00C04F79EFBC}") = "ServiceMarketplaceBLL", "ServiceMarketplaceBLL\ServiceMarketplaceBLL.csproj", "{E20E8D1A-CC36-496E-BBEA-C580548650DB}"
EndProject
Global
	GlobalSection(SolutionConfigurationPlatforms) = preSolution
		Debug|Any CPU = Debug|Any CPU
		Release|Any CPU = Release|Any CPU
	EndGlobalSection
	GlobalSection(ProjectConfigurationPlatforms) = postSolution
		{CB1502FC-D1DD-415E-BC3B-44B7C894BEB0}.Debug|Any CPU.ActiveCfg = Debug|Any CPU
		{CB1502FC-D1DD-415E-BC3B-44B7C894BEB0}.Debug|Any CPU.Build.0 = Debug|Any CPU
		{CB1502FC-D1DD-415E-BC3B-44B7C894BEB0}.Release|Any CPU.ActiveCfg = Release|Any CPU
		{CB1502FC-D1DD-415E-BC3B-44B7C894BEB0}.Release|Any CPU.Build.0 = Release|Any CPU
		{BFD9FB7A-1BA7-4AAC-84DA-CE4FE42B6C7A}.Debug|Any CPU.ActiveCfg = Debug|Any CPU
		{BFD9FB7A-1BA7-4AAC-84DA-CE4FE42B6C7A}.Debug|Any CPU.Build.0 = Debug|Any CPU
		{BFD9FB7A-1BA7-4AAC-84DA-CE4FE42B6C7A}.Release|Any CPU.ActiveCfg = Release|Any CPU
		{BFD9FB7A-1BA7-4AAC-84DA-CE4FE42B6C7A}.Release|Any CPU.Build.0 = Release|Any CPU
		{E20E8D1A-CC36-496E-BBEA-C580548650DB}.Debug|Any CPU.ActiveCfg = Debug|Any CPU
		{E20E8D1A-CC36-496E-BBEA-C580548650DB}.Debug|Any CPU.Build.0 = Debug|Any CPU
		{E20E8D1A-CC36-496E-BBEA-C580548650DB}.Release|Any CPU.ActiveCfg = Release|Any CPU
		{E20E8D1A-CC36-496E-BBEA-C580548650DB}.Release|Any CPU.Build.0 = Release|Any CPU
	EndGlobalSection
	GlobalSection(SolutionProperties) = preSolution
		HideSolutionNode = FALSE
	EndGlobalSection
	GlobalSection(ExtensibilityGlobals) = postSolution
		SolutionGuid = {9B013CD2-832F-4359-9DF8-5773B2A80725}
	EndGlobalSection
EndGlobal
